
Microsoft Visual Studio Solution File, Format Version 12.00
# Visual Studio Version 16
VisualStudioVersion = 16.0.28729.10
MinimumVisualStudioVersion = 10.0.40219.1
Project("{FAE04EC0-301F-11D3-BF4B-00C04F79EFBC}") = "MathsAsFun - Arithmetic Practise App", "MathsAsFun - Arithmetic Practise App\MathsAsFun - Arithmetic Practise App.csproj", "{B0409A37-AF43-440F-BAEE-0640C33790F2}"
EndProject
Global
	GlobalSection(SolutionConfigurationPlatforms) = preSolution
		Debug|Any CPU = Debug|Any CPU
		Release|Any CPU = Release|Any CPU
	EndGlobalSection
	GlobalSection(ProjectConfigurationPlatforms) = postSolution
		{B0409A37-AF43-440F-BAEE-0640C33790F2}.Debug|Any CPU.ActiveCfg = Debug|Any CPU
		{B0409A37-AF43-440F-BAEE-0640C33790F2}.Debug|Any CPU.Build.0 = Debug|Any CPU
		{B0409A37-AF43-440F-BAEE-0640C33790F2}.Release|Any CPU.ActiveCfg = Release|Any CPU
		{B0409A37-AF43-440F-BAEE-0640C33790F2}.Release|Any CPU.Build.0 = Release|Any CPU
	EndGlobalSection
	GlobalSection(SolutionProperties) = preSolution
		HideSolutionNode = FALSE
	EndGlobalSection
	GlobalSection(ExtensibilityGlobals) = postSolution
		SolutionGuid = {A6FE47FC-7E08-44B9-992F-F32B4466B931}
	EndGlobalSection
EndGlobal
